{
  "name": "360VideoPlayerWEB",
  "lockfileVersion": 3,
  "requires": true,
  "packages": {
    "": {
      "dependencies": {
        "video.js": "^8.17.1",
        "videojs-panorama": "^0.1.7",
        "videojs-vr": "^2.0.0"
      }
    },
    "node_modules/@babel/runtime": {
      "version": "7.25.0",
      "resolved": "https://registry.npmjs.org/@babel/runtime/-/runtime-7.25.0.tgz",
      "integrity": "sha512-7dRy4DwXwtzBrPbZflqxnvfxLF8kdZXPkhymtDeFoFqE6ldzjQFgYTtYIFARcLEYDrqfBfYcZt1WqFxRoyC9Rw==",
      "dependencies": {
        "regenerator-runtime": "^0.14.0"
      },
      "engines": {
        "node": ">=6.9.0"
      }
    },
    "node_modules/@videojs/http-streaming": {
      "version": "3.13.1",
      "resolved": "https://registry.npmjs.org/@videojs/http-streaming/-/http-streaming-3.13.1.tgz",
      "integrity": "sha512-G7YrgNEq9ETaUmtkoTnTuwkY9U+xP7Xncedzgxio/Rmz2Gn2zmodEbBIVQinb2UDznk7X8uY5XBr/Ew6OD/LWg==",
      "dependencies": {
        "@babel/runtime": "^7.12.5",
        "@videojs/vhs-utils": "4.0.0",
        "aes-decrypter": "4.0.1",
        "global": "^4.4.0",
        "m3u8-parser": "^7.1.0",
        "mpd-parser": "^1.3.0",
        "mux.js": "7.0.3",
        "video.js": "^7 || ^8"
      },
      "engines": {
        "node": ">=8",
        "npm": ">=5"
      },
      "peerDependencies": {
        "video.js": "^8.14.0"
      }
    },
    "node_modules/@videojs/vhs-utils": {
      "version": "4.0.0",
      "resolved": "https://registry.npmjs.org/@videojs/vhs-utils/-/vhs-utils-4.0.0.tgz",
      "integrity": "sha512-xJp7Yd4jMLwje2vHCUmi8MOUU76nxiwII3z4Eg3Ucb+6rrkFVGosrXlMgGnaLjq724j3wzNElRZ71D/CKrTtxg==",
      "dependencies": {
        "@babel/runtime": "^7.12.5",
        "global": "^4.4.0",
        "url-toolkit": "^2.2.1"
      },
      "engines": {
        "node": ">=8",
        "npm": ">=5"
      }
    },
    "node_modules/@videojs/xhr": {
      "version": "2.7.0",
      "resolved": "https://registry.npmjs.org/@videojs/xhr/-/xhr-2.7.0.tgz",
      "integrity": "sha512-giab+EVRanChIupZK7gXjHy90y3nncA2phIOyG3Ne5fvpiMJzvqYwiTOnEVW2S4CoYcuKJkomat7bMXA/UoUZQ==",
      "dependencies": {
        "@babel/runtime": "^7.5.5",
        "global": "~4.4.0",
        "is-function": "^1.0.1"
      }
    },
    "node_modules/@xmldom/xmldom": {
      "version": "0.8.10",
      "resolved": "https://registry.npmjs.org/@xmldom/xmldom/-/xmldom-0.8.10.tgz",
      "integrity": "sha512-2WALfTl4xo2SkGCYRt6rDTFfk9R1czmBvUQy12gK2KuRKIpWEhcbbzy8EZXtz/jkRqHX8bFEc6FC1HjX4TUWYw==",
      "engines": {
        "node": ">=10.0.0"
      }
    },
    "node_modules/aes-decrypter": {
      "version": "4.0.1",
      "resolved": "https://registry.npmjs.org/aes-decrypter/-/aes-decrypter-4.0.1.tgz",
      "integrity": "sha512-H1nh/P9VZXUf17AA5NQfJML88CFjVBDuGkp5zDHa7oEhYN9TTpNLJknRY1ie0iSKWlDf6JRnJKaZVDSQdPy6Cg==",
      "dependencies": {
        "@babel/runtime": "^7.12.5",
        "@videojs/vhs-utils": "^3.0.5",
        "global": "^4.4.0",
        "pkcs7": "^1.0.4"
      }
    },
    "node_modules/aes-decrypter/node_modules/@videojs/vhs-utils": {
      "version": "3.0.5",
      "resolved": "https://registry.npmjs.org/@videojs/vhs-utils/-/vhs-utils-3.0.5.tgz",
      "integrity": "sha512-PKVgdo8/GReqdx512F+ombhS+Bzogiofy1LgAj4tN8PfdBx3HSS7V5WfJotKTqtOWGwVfSWsrYN/t09/DSryrw==",
      "dependencies": {
        "@babel/runtime": "^7.12.5",
        "global": "^4.4.0",
        "url-toolkit": "^2.2.1"
      },
      "engines": {
        "node": ">=8",
        "npm": ">=5"
      }
    },
    "node_modules/babel-runtime": {
      "version": "6.26.0",
      "resolved": "https://registry.npmjs.org/babel-runtime/-/babel-runtime-6.26.0.tgz",
      "integrity": "sha512-ITKNuq2wKlW1fJg9sSW52eepoYgZBggvOAHC0u/CYu/qxQ9EVzThCgR69BnSXLHjy2f7SY5zaQ4yt7H9ZVxY2g==",
      "dependencies": {
        "core-js": "^2.4.0",
        "regenerator-runtime": "^0.11.0"
      }
    },
    "node_modules/babel-runtime/node_modules/regenerator-runtime": {
      "version": "0.11.1",
      "resolved": "https://registry.npmjs.org/regenerator-runtime/-/regenerator-runtime-0.11.1.tgz",
      "integrity": "sha512-MguG95oij0fC3QV3URf4V2SDYGJhJnJGqvIIgdECeODCT98wSWDAJ94SSuVpYQUoTcGUIL6L4yNB7j1DFFHSBg=="
    },
    "node_modules/cardboard-vr-display": {
      "version": "1.0.19",
      "resolved": "https://registry.npmjs.org/cardboard-vr-display/-/cardboard-vr-display-1.0.19.tgz",
      "integrity": "sha512-+MjcnWKAkb95p68elqZLDPzoiF/dGncQilLGvPBM5ZorABp/ao3lCs7nnRcYBckmuNkg1V/5rdGDKoUaCVsHzQ==",
      "dependencies": {
        "gl-preserve-state": "^1.0.0",
        "nosleep.js": "^0.7.0",
        "webvr-polyfill-dpdb": "^1.0.17"
      }
    },
    "node_modules/core-js": {
      "version": "2.6.12",
      "resolved": "https://registry.npmjs.org/core-js/-/core-js-2.6.12.tgz",
      "integrity": "sha512-Kb2wC0fvsWfQrgk8HU5lW6U/Lcs8+9aaYcy4ZFc6DDlo4nZ7n70dEgE5rtR0oG6ufKDUnrwfWL1mXR5ljDatrQ==",
      "deprecated": "core-js@<3.23.3 is no longer maintained and not recommended for usage due to the number of issues. Because of the V8 engine whims, feature detection in old core-js versions could cause a slowdown up to 100x even if nothing is polyfilled. Some versions have web compatibility issues. Please, upgrade your dependencies to the actual version of core-js.",
      "hasInstallScript": true
    },
    "node_modules/dom-walk": {
      "version": "0.1.2",
      "resolved": "https://registry.npmjs.org/dom-walk/-/dom-walk-0.1.2.tgz",
      "integrity": "sha512-6QvTW9mrGeIegrFXdtQi9pk7O/nSK6lSdXW2eqUspN5LWD7UTji2Fqw5V2YLjBpHEoU9Xl/eUWNpDeZvoyOv2w=="
    },
    "node_modules/es5-shim": {
      "version": "4.6.7",
      "resolved": "https://registry.npmjs.org/es5-shim/-/es5-shim-4.6.7.tgz",
      "integrity": "sha512-jg21/dmlrNQI7JyyA2w7n+yifSxBng0ZralnSfVZjoCawgNTCnS+yBCyVM9DL5itm7SUnDGgv7hcq2XCZX4iRQ==",
      "engines": {
        "node": ">=0.4.0"
      }
    },
    "node_modules/gl-preserve-state": {
      "version": "1.0.0",
      "resolved": "https://registry.npmjs.org/gl-preserve-state/-/gl-preserve-state-1.0.0.tgz",
      "integrity": "sha512-zQZ25l3haD4hvgJZ6C9+s0ebdkW9y+7U2qxvGu1uWOJh8a4RU+jURIKEQhf8elIlFpMH6CrAY2tH0mYrRjet3Q=="
    },
    "node_modules/global": {
      "version": "4.4.0",
      "resolved": "https://registry.npmjs.org/global/-/global-4.4.0.tgz",
      "integrity": "sha512-wv/LAoHdRE3BeTGz53FAamhGlPLhlssK45usmGFThIi4XqnBmjKQ16u+RNbP7WvigRZDxUsM0J3gcQ5yicaL0w==",
      "dependencies": {
        "min-document": "^2.19.0",
        "process": "^0.11.10"
      }
    },
    "node_modules/individual": {
      "version": "2.0.0",
      "resolved": "https://registry.npmjs.org/individual/-/individual-2.0.0.tgz",
      "integrity": "sha512-pWt8hBCqJsUWI/HtcfWod7+N9SgAqyPEaF7JQjwzjn5vGrpg6aQ5qeAFQ7dx//UH4J1O+7xqew+gCeeFt6xN/g=="
    },
    "node_modules/intervalometer": {
      "version": "1.0.5",
      "resolved": "https://registry.npmjs.org/intervalometer/-/intervalometer-1.0.5.tgz",
      "integrity": "sha512-JzEThNp7ZB26jJYQTTLZ0SCSr5cfOKS5EBOJ77ff6ba66IW59hRD3P66Ailv82XAG+ISsMGGNQohC1fOYjjeWw=="
    },
    "node_modules/iphone-inline-video": {
      "version": "1.9.6",
      "resolved": "https://registry.npmjs.org/iphone-inline-video/-/iphone-inline-video-1.9.6.tgz",
      "integrity": "sha512-VMxDGxqHbj/dHlOn6OfX4UFtg1WUAgI8hTDCVXRNz5Xa/dbXXdH30f2g6m56DTvtEWGmFyMPEAANlYSucVHUjg==",
      "dependencies": {
        "intervalometer": "^1.0.0",
        "poor-mans-symbol": "^1.0.1"
      }
    },
    "node_modules/is-function": {
      "version": "1.0.2",
      "resolved": "https://registry.npmjs.org/is-function/-/is-function-1.0.2.tgz",
      "integrity": "sha512-lw7DUp0aWXYg+CBCN+JKkcE0Q2RayZnSvnZBlwgxHBQhqt5pZNVy4Ri7H9GmmXkdu7LUthszM+Tor1u/2iBcpQ=="
    },
    "node_modules/keycode": {
      "version": "2.2.1",
      "resolved": "https://registry.npmjs.org/keycode/-/keycode-2.2.1.tgz",
      "integrity": "sha512-Rdgz9Hl9Iv4QKi8b0OlCRQEzp4AgVxyCtz5S/+VIHezDmrDhkp2N2TqBWOLz0/gbeREXOOiI9/4b8BY9uw2vFg=="
    },
    "node_modules/m3u8-parser": {
      "version": "7.1.0",
      "resolved": "https://registry.npmjs.org/m3u8-parser/-/m3u8-parser-7.1.0.tgz",
      "integrity": "sha512-7N+pk79EH4oLKPEYdgRXgAsKDyA/VCo0qCHlUwacttQA0WqsjZQYmNfywMvjlY9MpEBVZEt0jKFd73Kv15EBYQ==",
      "dependencies": {
        "@babel/runtime": "^7.12.5",
        "@videojs/vhs-utils": "^3.0.5",
        "global": "^4.4.0"
      }
    },
    "node_modules/m3u8-parser/node_modules/@videojs/vhs-utils": {
      "version": "3.0.5",
      "resolved": "https://registry.npmjs.org/@videojs/vhs-utils/-/vhs-utils-3.0.5.tgz",
      "integrity": "sha512-PKVgdo8/GReqdx512F+ombhS+Bzogiofy1LgAj4tN8PfdBx3HSS7V5WfJotKTqtOWGwVfSWsrYN/t09/DSryrw==",
      "dependencies": {
        "@babel/runtime": "^7.12.5",
        "global": "^4.4.0",
        "url-toolkit": "^2.2.1"
      },
      "engines": {
        "node": ">=8",
        "npm": ">=5"
      }
    },
    "node_modules/min-document": {
      "version": "2.19.0",
      "resolved": "https://registry.npmjs.org/min-document/-/min-document-2.19.0.tgz",
      "integrity": "sha512-9Wy1B3m3f66bPPmU5hdA4DR4PB2OfDU/+GS3yAB7IQozE3tqXaVv2zOjgla7MEGSRv95+ILmOuvhLkOK6wJtCQ==",
      "dependencies": {
        "dom-walk": "^0.1.0"
      }
    },
    "node_modules/mpd-parser": {
      "version": "1.3.0",
      "resolved": "https://registry.npmjs.org/mpd-parser/-/mpd-parser-1.3.0.tgz",
      "integrity": "sha512-WgeIwxAqkmb9uTn4ClicXpEQYCEduDqRKfmUdp4X8vmghKfBNXZLYpREn9eqrDx/Tf5LhzRcJLSpi4ohfV742Q==",
      "dependencies": {
        "@babel/runtime": "^7.12.5",
        "@videojs/vhs-utils": "^4.0.0",
        "@xmldom/xmldom": "^0.8.3",
        "global": "^4.4.0"
      },
      "bin": {
        "mpd-to-m3u8-json": "bin/parse.js"
      }
    },
    "node_modules/mux.js": {
      "version": "7.0.3",
      "resolved": "https://registry.npmjs.org/mux.js/-/mux.js-7.0.3.tgz",
      "integrity": "sha512-gzlzJVEGFYPtl2vvEiJneSWAWD4nfYRHD5XgxmB2gWvXraMPOYk+sxfvexmNfjQUFpmk6hwLR5C6iSFmuwCHdQ==",
      "dependencies": {
        "@babel/runtime": "^7.11.2",
        "global": "^4.4.0"
      },
      "bin": {
        "muxjs-transmux": "bin/transmux.js"
      },
      "engines": {
        "node": ">=8",
        "npm": ">=5"
      }
    },
    "node_modules/nosleep.js": {
      "version": "0.7.0",
      "resolved": "https://registry.npmjs.org/nosleep.js/-/nosleep.js-0.7.0.tgz",
      "integrity": "sha512-Z4B1HgvzR+en62ghwZf6BwAR6x4/pjezsiMcbF9KMLh7xoscpoYhaSXfY3lLkqC68AtW+/qLJ1lzvBIj0FGaTA=="
    },
    "node_modules/parse-headers": {
      "version": "2.0.5",
      "resolved": "https://registry.npmjs.org/parse-headers/-/parse-headers-2.0.5.tgz",
      "integrity": "sha512-ft3iAoLOB/MlwbNXgzy43SWGP6sQki2jQvAyBg/zDFAgr9bfNWZIUj42Kw2eJIl8kEi4PbgE6U1Zau/HwI75HA=="
    },
    "node_modules/pkcs7": {
      "version": "1.0.4",
      "resolved": "https://registry.npmjs.org/pkcs7/-/pkcs7-1.0.4.tgz",
      "integrity": "sha512-afRERtHn54AlwaF2/+LFszyAANTCggGilmcmILUzEjvs3XgFZT+xE6+QWQcAGmu4xajy+Xtj7acLOPdx5/eXWQ==",
      "dependencies": {
        "@babel/runtime": "^7.5.5"
      },
      "bin": {
        "pkcs7": "bin/cli.js"
      }
    },
    "node_modules/poor-mans-symbol": {
      "version": "1.0.1",
      "resolved": "https://registry.npmjs.org/poor-mans-symbol/-/poor-mans-symbol-1.0.1.tgz",
      "integrity": "sha512-WWtN69S1xkLwsFPgsWa0b2X7GZeqlfb1kgrYDhgtCWuBjxZo+LNP/gvvt2XJUW8w5SLHRHo6tT6IlXXtkqcXMA==",
      "deprecated": "Package no longer supported. Contact Support at https://www.npmjs.com/support for more info."
    },
    "node_modules/process": {
      "version": "0.11.10",
      "resolved": "https://registry.npmjs.org/process/-/process-0.11.10.tgz",
      "integrity": "sha512-cdGef/drWFoydD1JsMzuFf8100nZl+GT+yacc2bEced5f9Rjk4z+WtFUTBu9PhOi9j/jfmBPu0mMEY4wIdAF8A==",
      "engines": {
        "node": ">= 0.6.0"
      }
    },
    "node_modules/regenerator-runtime": {
      "version": "0.14.1",
      "resolved": "https://registry.npmjs.org/regenerator-runtime/-/regenerator-runtime-0.14.1.tgz",
      "integrity": "sha512-dYnhHh0nJoMfnkZs6GmmhFknAGRrLznOu5nc9ML+EJxGvrx6H7teuevqVqCuPcPK//3eDrrjQhehXVx9cnkGdw=="
    },
    "node_modules/rust-result": {
      "version": "1.0.0",
      "resolved": "https://registry.npmjs.org/rust-result/-/rust-result-1.0.0.tgz",
      "integrity": "sha512-6cJzSBU+J/RJCF063onnQf0cDUOHs9uZI1oroSGnHOph+CQTIJ5Pp2hK5kEQq1+7yE/EEWfulSNXAQ2jikPthA==",
      "dependencies": {
        "individual": "^2.0.0"
      }
    },
    "node_modules/safe-json-parse": {
      "version": "4.0.0",
      "resolved": "https://registry.npmjs.org/safe-json-parse/-/safe-json-parse-4.0.0.tgz",
      "integrity": "sha512-RjZPPHugjK0TOzFrLZ8inw44s9bKox99/0AZW9o/BEQVrJfhI+fIHMErnPyRa89/yRXUUr93q+tiN6zhoVV4wQ==",
      "dependencies": {
        "rust-result": "^1.0.0"
      }
    },
    "node_modules/three": {
      "version": "0.86.0",
      "resolved": "https://registry.npmjs.org/three/-/three-0.86.0.tgz",
      "integrity": "sha512-ixxsjKcTk/s8V1xRCIvGAD0znkfV1FtMyujAmb9rG9qp50/Sw9xcInDG0Ww2NHGBd6DFjBq07c0EK1VKar4Uug=="
    },
    "node_modules/tsml": {
      "version": "1.0.1",
      "resolved": "https://registry.npmjs.org/tsml/-/tsml-1.0.1.tgz",
      "integrity": "sha512-3KmepnH9SUsoOVtg013CRrL7c+AK7ECaquAsJdvu4288EDJuraqBlP4PDXT/rLEJ9YDn4jqLAzRJsnFPx+V6lg==",
      "deprecated": "no longer maintained"
    },
    "node_modules/url-toolkit": {
      "version": "2.2.5",
      "resolved": "https://registry.npmjs.org/url-toolkit/-/url-toolkit-2.2.5.tgz",
      "integrity": "sha512-mtN6xk+Nac+oyJ/PrI7tzfmomRVNFIWKUbG8jdYFt52hxbiReFAXIjYskvu64/dvuW71IcB7lV8l0HvZMac6Jg=="
    },
    "node_modules/video.js": {
      "version": "8.17.1",
      "resolved": "https://registry.npmjs.org/video.js/-/video.js-8.17.1.tgz",
      "integrity": "sha512-MKW/oRs5B9UeN6TiF+CsVNGacxV4mPWlyDt1VzRkNXy6gPkCK04oQKB2XEhHHQCtACv3PeOkOXnr5b1ID2LwPg==",
      "dependencies": {
        "@babel/runtime": "^7.12.5",
        "@videojs/http-streaming": "3.13.1",
        "@videojs/vhs-utils": "^4.0.0",
        "@videojs/xhr": "2.7.0",
        "aes-decrypter": "^4.0.1",
        "global": "4.4.0",
        "m3u8-parser": "^7.1.0",
        "mpd-parser": "^1.2.2",
        "mux.js": "^7.0.1",
        "safe-json-parse": "4.0.0",
        "videojs-contrib-quality-levels": "4.1.0",
        "videojs-font": "4.2.0",
        "videojs-vtt.js": "0.15.5"
      }
    },
    "node_modules/videojs-contrib-quality-levels": {
      "version": "4.1.0",
      "resolved": "https://registry.npmjs.org/videojs-contrib-quality-levels/-/videojs-contrib-quality-levels-4.1.0.tgz",
      "integrity": "sha512-TfrXJJg1Bv4t6TOCMEVMwF/CoS8iENYsWNKip8zfhB5kTcegiFYezEA0eHAJPU64ZC8NQbxQgOwAsYU8VXbOWA==",
      "dependencies": {
        "global": "^4.4.0"
      },
      "engines": {
        "node": ">=16",
        "npm": ">=8"
      },
      "peerDependencies": {
        "video.js": "^8"
      }
    },
    "node_modules/videojs-font": {
      "version": "4.2.0",
      "resolved": "https://registry.npmjs.org/videojs-font/-/videojs-font-4.2.0.tgz",
      "integrity": "sha512-YPq+wiKoGy2/M7ccjmlvwi58z2xsykkkfNMyIg4xb7EZQQNwB71hcSsB3o75CqQV7/y5lXkXhI/rsGAS7jfEmQ=="
    },
    "node_modules/videojs-ie8": {
      "version": "1.1.2",
      "resolved": "https://registry.npmjs.org/videojs-ie8/-/videojs-ie8-1.1.2.tgz",
      "integrity": "sha512-0Zb2T4MLkpfZbeGMK/Z93b8Lrepr+rLFoHgQV1CoDeFqXvH7b+Vsd/VHoILGxQrgCSHFQ7mAODR6oyMjuiD4/g==",
      "dependencies": {
        "es5-shim": "^4.5.1"
      }
    },
    "node_modules/videojs-panorama": {
      "version": "0.1.7",
      "resolved": "https://registry.npmjs.org/videojs-panorama/-/videojs-panorama-0.1.7.tgz",
      "integrity": "sha512-CsvVK/sREDjWM/jix7NBF2N5AMiN0sgI2L5wZNNyOM7o8Tssnf/poNMBuHwVZcl9V6SeslECCfrkIrTKzwVWJw==",
      "dependencies": {
        "iphone-inline-video": "^1.9.3",
        "three": "^0.86.0",
        "video.js": "^6.2.4"
      },
      "peerDependencies": {
        "three": ">=0.81",
        "video.js": ">=4"
      }
    },
    "node_modules/videojs-panorama/node_modules/global": {
      "version": "4.3.2",
      "resolved": "https://registry.npmjs.org/global/-/global-4.3.2.tgz",
      "integrity": "sha512-/4AybdwIDU4HkCUbJkZdWpe4P6vuw/CUtu+0I1YlLIPe7OlUO7KNJ+q/rO70CW2/NW6Jc6I62++Hzsf5Alu6rQ==",
      "dependencies": {
        "min-document": "^2.19.0",
        "process": "~0.5.1"
      }
    },
    "node_modules/videojs-panorama/node_modules/process": {
      "version": "0.5.2",
      "resolved": "https://registry.npmjs.org/process/-/process-0.5.2.tgz",
      "integrity": "sha512-oNpcutj+nYX2FjdEW7PGltWhXulAnFlM0My/k48L90hARCOJtvBbQXc/6itV2jDvU5xAAtonP+r6wmQgCcbAUA==",
      "engines": {
        "node": ">= 0.6.0"
      }
    },
    "node_modules/videojs-panorama/node_modules/video.js": {
      "version": "6.13.0",
      "resolved": "https://registry.npmjs.org/video.js/-/video.js-6.13.0.tgz",
      "integrity": "sha512-36/JR/GhPQSZj0o+GNbhcEYv/b0SkV9SQsjlodAnzMQYN0TA7VhmqrKPYMCi1NGRYu7S9W3OaFCFoUxkYfSVlg==",
      "dependencies": {
        "babel-runtime": "^6.9.2",
        "global": "4.3.2",
        "safe-json-parse": "4.0.0",
        "tsml": "1.0.1",
        "videojs-font": "2.1.0",
        "videojs-ie8": "1.1.2",
        "videojs-vtt.js": "0.12.6",
        "xhr": "2.4.0"
      }
    },
    "node_modules/videojs-panorama/node_modules/videojs-font": {
      "version": "2.1.0",
      "resolved": "https://registry.npmjs.org/videojs-font/-/videojs-font-2.1.0.tgz",
      "integrity": "sha512-zFqWpLrXf1q8NtYx5qtZhMC6SLUFScDmR6j+UGPogobxR21lvXShhnzcNNMdOxJUuFLiToJ/BPpFUQwX4xhpvA=="
    },
    "node_modules/videojs-panorama/node_modules/videojs-vtt.js": {
      "version": "0.12.6",
      "resolved": "https://registry.npmjs.org/videojs-vtt.js/-/videojs-vtt.js-0.12.6.tgz",
      "integrity": "sha512-XFXeGBQiljnElMhwCcZst0RDbZn2n8LU7ZScXryd3a00OaZsHAjdZu/7/RdSr7Z1jHphd45FnOvOQkGK4YrWCQ==",
      "dependencies": {
        "global": "^4.3.1"
      }
    },
    "node_modules/videojs-vr": {
      "version": "2.0.0",
      "resolved": "https://registry.npmjs.org/videojs-vr/-/videojs-vr-2.0.0.tgz",
      "integrity": "sha512-ix4iN8XHaDSEe89Jqybj9DuLKYuK33EIzcSI0IEdnv1KJuH8bd0PYlQEgqIZTOmWruFpW/+rjYFCVUQ9PTypJw==",
      "dependencies": {
        "@babel/runtime": "^7.14.5",
        "global": "^4.4.0",
        "three": "0.125.2",
        "video.js": "^6 || ^7",
        "webvr-polyfill": "0.10.12"
      }
    },
    "node_modules/videojs-vr/node_modules/@videojs/http-streaming": {
      "version": "2.16.3",
      "resolved": "https://registry.npmjs.org/@videojs/http-streaming/-/http-streaming-2.16.3.tgz",
      "integrity": "sha512-91CJv5PnFBzNBvyEjt+9cPzTK/xoVixARj2g7ZAvItA+5bx8VKdk5RxCz/PP2kdzz9W+NiDUMPkdmTsosmy69Q==",
      "dependencies": {
        "@babel/runtime": "^7.12.5",
        "@videojs/vhs-utils": "3.0.5",
        "aes-decrypter": "3.1.3",
        "global": "^4.4.0",
        "m3u8-parser": "4.8.0",
        "mpd-parser": "^0.22.1",
        "mux.js": "6.0.1",
        "video.js": "^6 || ^7"
      },
      "engines": {
        "node": ">=8",
        "npm": ">=5"
      },
      "peerDependencies": {
        "video.js": "^6 || ^7"
      }
    },
    "node_modules/videojs-vr/node_modules/@videojs/vhs-utils": {
      "version": "3.0.5",
      "resolved": "https://registry.npmjs.org/@videojs/vhs-utils/-/vhs-utils-3.0.5.tgz",
      "integrity": "sha512-PKVgdo8/GReqdx512F+ombhS+Bzogiofy1LgAj4tN8PfdBx3HSS7V5WfJotKTqtOWGwVfSWsrYN/t09/DSryrw==",
      "dependencies": {
        "@babel/runtime": "^7.12.5",
        "global": "^4.4.0",
        "url-toolkit": "^2.2.1"
      },
      "engines": {
        "node": ">=8",
        "npm": ">=5"
      }
    },
    "node_modules/videojs-vr/node_modules/@videojs/xhr": {
      "version": "2.6.0",
      "resolved": "https://registry.npmjs.org/@videojs/xhr/-/xhr-2.6.0.tgz",
      "integrity": "sha512-7J361GiN1tXpm+gd0xz2QWr3xNWBE+rytvo8J3KuggFaLg+U37gZQ2BuPLcnkfGffy2e+ozY70RHC8jt7zjA6Q==",
      "dependencies": {
        "@babel/runtime": "^7.5.5",
        "global": "~4.4.0",
        "is-function": "^1.0.1"
      }
    },
    "node_modules/videojs-vr/node_modules/aes-decrypter": {
      "version": "3.1.3",
      "resolved": "https://registry.npmjs.org/aes-decrypter/-/aes-decrypter-3.1.3.tgz",
      "integrity": "sha512-VkG9g4BbhMBy+N5/XodDeV6F02chEk9IpgRTq/0bS80y4dzy79VH2Gtms02VXomf3HmyRe3yyJYkJ990ns+d6A==",
      "dependencies": {
        "@babel/runtime": "^7.12.5",
        "@videojs/vhs-utils": "^3.0.5",
        "global": "^4.4.0",
        "pkcs7": "^1.0.4"
      }
    },
    "node_modules/videojs-vr/node_modules/m3u8-parser": {
      "version": "4.8.0",
      "resolved": "https://registry.npmjs.org/m3u8-parser/-/m3u8-parser-4.8.0.tgz",
      "integrity": "sha512-UqA2a/Pw3liR6Df3gwxrqghCP17OpPlQj6RBPLYygf/ZSQ4MoSgvdvhvt35qV+3NaaA0FSZx93Ix+2brT1U7cA==",
      "dependencies": {
        "@babel/runtime": "^7.12.5",
        "@videojs/vhs-utils": "^3.0.5",
        "global": "^4.4.0"
      }
    },
    "node_modules/videojs-vr/node_modules/mpd-parser": {
      "version": "0.22.1",
      "resolved": "https://registry.npmjs.org/mpd-parser/-/mpd-parser-0.22.1.tgz",
      "integrity": "sha512-fwBebvpyPUU8bOzvhX0VQZgSohncbgYwUyJJoTSNpmy7ccD2ryiCvM7oRkn/xQH5cv73/xU7rJSNCLjdGFor0Q==",
      "dependencies": {
        "@babel/runtime": "^7.12.5",
        "@videojs/vhs-utils": "^3.0.5",
        "@xmldom/xmldom": "^0.8.3",
        "global": "^4.4.0"
      },
      "bin": {
        "mpd-to-m3u8-json": "bin/parse.js"
      }
    },
    "node_modules/videojs-vr/node_modules/mux.js": {
      "version": "6.0.1",
      "resolved": "https://registry.npmjs.org/mux.js/-/mux.js-6.0.1.tgz",
      "integrity": "sha512-22CHb59rH8pWGcPGW5Og7JngJ9s+z4XuSlYvnxhLuc58cA1WqGDQPzuG8I+sPm1/p0CdgpzVTaKW408k5DNn8w==",
      "dependencies": {
        "@babel/runtime": "^7.11.2",
        "global": "^4.4.0"
      },
      "bin": {
        "muxjs-transmux": "bin/transmux.js"
      },
      "engines": {
        "node": ">=8",
        "npm": ">=5"
      }
    },
    "node_modules/videojs-vr/node_modules/three": {
      "version": "0.125.2",
      "resolved": "https://registry.npmjs.org/three/-/three-0.125.2.tgz",
      "integrity": "sha512-7rIRO23jVKWcAPFdW/HREU2NZMGWPBZ4XwEMt0Ak0jwLUKVJhcKM55eCBWyGZq/KiQbeo1IeuAoo/9l2dzhTXA=="
    },
    "node_modules/videojs-vr/node_modules/video.js": {
      "version": "7.21.6",
      "resolved": "https://registry.npmjs.org/video.js/-/video.js-7.21.6.tgz",
      "integrity": "sha512-m41TbODrUCToVfK1aljVd296CwDQnCRewpIm5tTXMuV87YYSGw1H+VDOaV45HlpcWSsTWWLF++InDgGJfthfUw==",
      "dependencies": {
        "@babel/runtime": "^7.12.5",
        "@videojs/http-streaming": "2.16.3",
        "@videojs/vhs-utils": "^3.0.4",
        "@videojs/xhr": "2.6.0",
        "aes-decrypter": "3.1.3",
        "global": "^4.4.0",
        "keycode": "^2.2.0",
        "m3u8-parser": "4.8.0",
        "mpd-parser": "0.22.1",
        "mux.js": "6.0.1",
        "safe-json-parse": "4.0.0",
        "videojs-font": "3.2.0",
        "videojs-vtt.js": "^0.15.5"
      }
    },
    "node_modules/videojs-vr/node_modules/videojs-font": {
      "version": "3.2.0",
      "resolved": "https://registry.npmjs.org/videojs-font/-/videojs-font-3.2.0.tgz",
      "integrity": "sha512-g8vHMKK2/JGorSfqAZQUmYYNnXmfec4MLhwtEFS+mMs2IDY398GLysy6BH6K+aS1KMNu/xWZ8Sue/X/mdQPliA=="
    },
    "node_modules/videojs-vtt.js": {
      "version": "0.15.5",
      "resolved": "https://registry.npmjs.org/videojs-vtt.js/-/videojs-vtt.js-0.15.5.tgz",
      "integrity": "sha512-yZbBxvA7QMYn15Lr/ZfhhLPrNpI/RmCSCqgIff57GC2gIrV5YfyzLfLyZMj0NnZSAz8syB4N0nHXpZg9MyrMOQ==",
      "dependencies": {
        "global": "^4.3.1"
      }
    },
    "node_modules/webvr-polyfill": {
      "version": "0.10.12",
      "resolved": "https://registry.npmjs.org/webvr-polyfill/-/webvr-polyfill-0.10.12.tgz",
      "integrity": "sha512-trDJEVUQnRIVAnmImjEQ0BlL1NfuWl8+eaEdu+bs4g59c7OtETi/5tFkgEFDRaWEYwHntXs/uFF3OXZuutNGGA==",
      "dependencies": {
        "cardboard-vr-display": "^1.0.19"
      }
    },
    "node_modules/webvr-polyfill-dpdb": {
      "version": "1.0.18",
      "resolved": "https://registry.npmjs.org/webvr-polyfill-dpdb/-/webvr-polyfill-dpdb-1.0.18.tgz",
      "integrity": "sha512-O0S1ZGEWyPvyZEkS2VbyV7mtir/NM9MNK3EuhbHPoJ8EHTky2pTXehjIl+IiDPr+Lldgx129QGt3NGly7rwRPw=="
    },
    "node_modules/xhr": {
      "version": "2.4.0",
      "resolved": "https://registry.npmjs.org/xhr/-/xhr-2.4.0.tgz",
      "integrity": "sha512-TUbBsdAuJbX8olk9hsDwGK8P1ri1XlV+PdEWkYw+HQQbpkiBR8PLgD1F3kQDPBs9l4Px34hP9rCYAZOCCAENbw==",
      "dependencies": {
        "global": "~4.3.0",
        "is-function": "^1.0.1",
        "parse-headers": "^2.0.0",
        "xtend": "^4.0.0"
      }
    },
    "node_modules/xhr/node_modules/global": {
      "version": "4.3.2",
      "resolved": "https://registry.npmjs.org/global/-/global-4.3.2.tgz",
      "integrity": "sha512-/4AybdwIDU4HkCUbJkZdWpe4P6vuw/CUtu+0I1YlLIPe7OlUO7KNJ+q/rO70CW2/NW6Jc6I62++Hzsf5Alu6rQ==",
      "dependencies": {
        "min-document": "^2.19.0",
        "process": "~0.5.1"
      }
    },
    "node_modules/xhr/node_modules/process": {
      "version": "0.5.2",
      "resolved": "https://registry.npmjs.org/process/-/process-0.5.2.tgz",
      "integrity": "sha512-oNpcutj+nYX2FjdEW7PGltWhXulAnFlM0My/k48L90hARCOJtvBbQXc/6itV2jDvU5xAAtonP+r6wmQgCcbAUA==",
      "engines": {
        "node": ">= 0.6.0"
      }
    },
    "node_modules/xtend": {
      "version": "4.0.2",
      "resolved": "https://registry.npmjs.org/xtend/-/xtend-4.0.2.tgz",
      "integrity": "sha512-LKYU1iAXJXUgAXn9URjiu+MWhyUXHsvfp7mcuYm9dSUKK0/CjtrUwFAxD82/mCWbtLsGjFIad0wIsod4zrTAEQ==",
      "engines": {
        "node": ">=0.4"
      }
    }
  }
}
